
Microsoft Visual Studio Solution File, Format Version 12.00
# Visual Studio Version 16
VisualStudioVersion = 16.0.29306.81
MinimumVisualStudioVersion = 10.0.40219.1
Project("{FAE04EC0-301F-11D3-BF4B-00C04F79EFBC}") = "WebApplicationShimi", "WebApplicationShimi.csproj", "{F48B6F06-7677-4B82-A342-1351CA72FE69}"
EndProject
Global
	GlobalSection(SolutionConfigurationPlatforms) = preSolution
		Debug|Any CPU = Debug|Any CPU
		Release|Any CPU = Release|Any CPU
	EndGlobalSection
	GlobalSection(ProjectConfigurationPlatforms) = postSolution
		{F48B6F06-7677-4B82-A342-1351CA72FE69}.Debug|Any CPU.ActiveCfg = Debug|Any CPU
		{F48B6F06-7677-4B82-A342-1351CA72FE69}.Debug|Any CPU.Build.0 = Debug|Any CPU
		{F48B6F06-7677-4B82-A342-1351CA72FE69}.Release|Any CPU.ActiveCfg = Release|Any CPU
		{F48B6F06-7677-4B82-A342-1351CA72FE69}.Release|Any CPU.Build.0 = Release|Any CPU
	EndGlobalSection
	GlobalSection(SolutionProperties) = preSolution
		HideSolutionNode = FALSE
	EndGlobalSection
	GlobalSection(ExtensibilityGlobals) = postSolution
		SolutionGuid = {E2F4A070-882C-4227-9AA3-DB2132FA777E}
	EndGlobalSection
EndGlobal
